
Microsoft Visual Studio Solution File, Format Version 12.00
# Visual Studio 14
VisualStudioVersion = 14.0.25420.1
MinimumVisualStudioVersion = 10.0.40219.1
Project("{FAE04EC0-301F-11D3-BF4B-00C04F79EFBC}") = "CalculatorWcfService", "CalculatorWcfService\CalculatorWcfService.csproj", "{F4928DEA-778B-4E8D-9505-4C197D1EBAD4}"
EndProject
Project("{FAE04EC0-301F-11D3-BF4B-00C04F79EFBC}") = "CalculatorWcfServiceHost", "CalculatorWcfServiceHost\CalculatorWcfServiceHost.csproj", "{904F44F7-A3D7-495B-93D0-A1E2BD498747}"
EndProject
Global
	GlobalSection(SolutionConfigurationPlatforms) = preSolution
		Debug|Any CPU = Debug|Any CPU
		Release|Any CPU = Release|Any CPU
	EndGlobalSection
	GlobalSection(ProjectConfigurationPlatforms) = postSolution
		{F4928DEA-778B-4E8D-9505-4C197D1EBAD4}.Debug|Any CPU.ActiveCfg = Debug|Any CPU
		{F4928DEA-778B-4E8D-9505-4C197D1EBAD4}.Debug|Any CPU.Build.0 = Debug|Any CPU
		{F4928DEA-778B-4E8D-9505-4C197D1EBAD4}.Release|Any CPU.ActiveCfg = Release|Any CPU
		{F4928DEA-778B-4E8D-9505-4C197D1EBAD4}.Release|Any CPU.Build.0 = Release|Any CPU
		{904F44F7-A3D7-495B-93D0-A1E2BD498747}.Debug|Any CPU.ActiveCfg = Debug|Any CPU
		{904F44F7-A3D7-495B-93D0-A1E2BD498747}.Debug|Any CPU.Build.0 = Debug|Any CPU
		{904F44F7-A3D7-495B-93D0-A1E2BD498747}.Release|Any CPU.ActiveCfg = Release|Any CPU
		{904F44F7-A3D7-495B-93D0-A1E2BD498747}.Release|Any CPU.Build.0 = Release|Any CPU
	EndGlobalSection
	GlobalSection(SolutionProperties) = preSolution
		HideSolutionNode = FALSE
	EndGlobalSection
EndGlobal
